
Microsoft Visual Studio Solution File, Format Version 12.00
# Visual Studio Version 17
VisualStudioVersion = 17.5.002.0
MinimumVisualStudioVersion = 10.0.40219.1
Project("{9A19103F-16F7-4668-BE54-9A1E7A4F7556}") = "itla-devops-2024-prueba-unitaria-con-devops", "itla-devops-2024-prueba-unitaria-con-devops.csproj", "{9411D6AA-9D85-451B-BCFB-E5DF83182339}"
EndProject
Global
	GlobalSection(SolutionConfigurationPlatforms) = preSolution
		Debug|Any CPU = Debug|Any CPU
		Release|Any CPU = Release|Any CPU
	EndGlobalSection
	GlobalSection(ProjectConfigurationPlatforms) = postSolution
		{9411D6AA-9D85-451B-BCFB-E5DF83182339}.Debug|Any CPU.ActiveCfg = Debug|Any CPU
		{9411D6AA-9D85-451B-BCFB-E5DF83182339}.Debug|Any CPU.Build.0 = Debug|Any CPU
		{9411D6AA-9D85-451B-BCFB-E5DF83182339}.Release|Any CPU.ActiveCfg = Release|Any CPU
		{9411D6AA-9D85-451B-BCFB-E5DF83182339}.Release|Any CPU.Build.0 = Release|Any CPU
	EndGlobalSection
	GlobalSection(SolutionProperties) = preSolution
		HideSolutionNode = FALSE
	EndGlobalSection
	GlobalSection(ExtensibilityGlobals) = postSolution
		SolutionGuid = {2CBAD86B-4288-456E-A4BD-35AFFD440349}
	EndGlobalSection
EndGlobal
